
Microsoft Visual Studio Solution File, Format Version 12.00
# Visual Studio Version 16
VisualStudioVersion = 16.0.31515.178
MinimumVisualStudioVersion = 10.0.40219.1
Project("{9A19103F-16F7-4668-BE54-9A1E7A4F7556}") = "TestApp", "TestApp\TestApp.csproj", "{5966BF53-83B8-4514-B86E-9E45FC828260}"
EndProject
Project("{9A19103F-16F7-4668-BE54-9A1E7A4F7556}") = "Chapter2", "Chapter2\Chapter2.csproj", "{7DDFD526-C3C1-4E4A-82FD-AD02A09EC7C4}"
EndProject
Project("{9A19103F-16F7-4668-BE54-9A1E7A4F7556}") = "TestWpf", "TestWpf\TestWpf.csproj", "{6D6664D7-3B9D-4542-B86E-96571339A374}"
EndProject
Project("{9A19103F-16F7-4668-BE54-9A1E7A4F7556}") = "Samples", "Samples\Samples.csproj", "{D4BB482D-530B-44AF-9BB0-59C33CCFFFE7}"
EndProject
Project("{FAE04EC0-301F-11D3-BF4B-00C04F79EFBC}") = "Common", "Common\Common.csproj", "{AC6773EA-FB19-41C7-B996-1A5F17DFBAE4}"
EndProject
Global
	GlobalSection(SolutionConfigurationPlatforms) = preSolution
		Debug|Any CPU = Debug|Any CPU
		Release|Any CPU = Release|Any CPU
	EndGlobalSection
	GlobalSection(ProjectConfigurationPlatforms) = postSolution
		{5966BF53-83B8-4514-B86E-9E45FC828260}.Debug|Any CPU.ActiveCfg = Debug|Any CPU
		{5966BF53-83B8-4514-B86E-9E45FC828260}.Debug|Any CPU.Build.0 = Debug|Any CPU
		{5966BF53-83B8-4514-B86E-9E45FC828260}.Release|Any CPU.ActiveCfg = Release|Any CPU
		{5966BF53-83B8-4514-B86E-9E45FC828260}.Release|Any CPU.Build.0 = Release|Any CPU
		{7DDFD526-C3C1-4E4A-82FD-AD02A09EC7C4}.Debug|Any CPU.ActiveCfg = Debug|Any CPU
		{7DDFD526-C3C1-4E4A-82FD-AD02A09EC7C4}.Debug|Any CPU.Build.0 = Debug|Any CPU
		{7DDFD526-C3C1-4E4A-82FD-AD02A09EC7C4}.Release|Any CPU.ActiveCfg = Release|Any CPU
		{7DDFD526-C3C1-4E4A-82FD-AD02A09EC7C4}.Release|Any CPU.Build.0 = Release|Any CPU
		{6D6664D7-3B9D-4542-B86E-96571339A374}.Debug|Any CPU.ActiveCfg = Debug|Any CPU
		{6D6664D7-3B9D-4542-B86E-96571339A374}.Debug|Any CPU.Build.0 = Debug|Any CPU
		{6D6664D7-3B9D-4542-B86E-96571339A374}.Release|Any CPU.ActiveCfg = Release|Any CPU
		{6D6664D7-3B9D-4542-B86E-96571339A374}.Release|Any CPU.Build.0 = Release|Any CPU
		{D4BB482D-530B-44AF-9BB0-59C33CCFFFE7}.Debug|Any CPU.ActiveCfg = Debug|Any CPU
		{D4BB482D-530B-44AF-9BB0-59C33CCFFFE7}.Debug|Any CPU.Build.0 = Debug|Any CPU
		{D4BB482D-530B-44AF-9BB0-59C33CCFFFE7}.Release|Any CPU.ActiveCfg = Release|Any CPU
		{D4BB482D-530B-44AF-9BB0-59C33CCFFFE7}.Release|Any CPU.Build.0 = Release|Any CPU
		{AC6773EA-FB19-41C7-B996-1A5F17DFBAE4}.Debug|Any CPU.ActiveCfg = Debug|Any CPU
		{AC6773EA-FB19-41C7-B996-1A5F17DFBAE4}.Debug|Any CPU.Build.0 = Debug|Any CPU
		{AC6773EA-FB19-41C7-B996-1A5F17DFBAE4}.Release|Any CPU.ActiveCfg = Release|Any CPU
		{AC6773EA-FB19-41C7-B996-1A5F17DFBAE4}.Release|Any CPU.Build.0 = Release|Any CPU
	EndGlobalSection
	GlobalSection(SolutionProperties) = preSolution
		HideSolutionNode = FALSE
	EndGlobalSection
	GlobalSection(ExtensibilityGlobals) = postSolution
		SolutionGuid = {8453BC47-31B2-486D-965F-A479E559E766}
	EndGlobalSection
EndGlobal
