
Microsoft Visual Studio Solution File, Format Version 12.00
# Visual Studio Version 16
VisualStudioVersion = 16.0.31515.178
MinimumVisualStudioVersion = 10.0.40219.1
Project("{9A19103F-16F7-4668-BE54-9A1E7A4F7556}") = "TestApp", "TestApp\TestApp.csproj", "{5966BF53-83B8-4514-B86E-9E45FC828260}"
EndProject
Project("{9A19103F-16F7-4668-BE54-9A1E7A4F7556}") = "TestWpf", "TestWpf\TestWpf.csproj", "{6D6664D7-3B9D-4542-B86E-96571339A374}"
EndProject
Project("{9A19103F-16F7-4668-BE54-9A1E7A4F7556}") = "Samples", "Samples\Samples.csproj", "{D4BB482D-530B-44AF-9BB0-59C33CCFFFE7}"
EndProject
Project("{9A19103F-16F7-4668-BE54-9A1E7A4F7556}") = "Common", "Common\Common.csproj", "{AC6773EA-FB19-41C7-B996-1A5F17DFBAE4}"
EndProject
Project("{9A19103F-16F7-4668-BE54-9A1E7A4F7556}") = "Chapter02", "Chapter02\Chapter02.csproj", "{EEF3E6B3-1B43-4B33-B1F4-F5F0897A538D}"
EndProject
Project("{9A19103F-16F7-4668-BE54-9A1E7A4F7556}") = "Chapter03", "Chapter03\Chapter03.csproj", "{BE334AAF-DB00-438D-82FE-32EFDF8E8590}"
EndProject
Project("{9A19103F-16F7-4668-BE54-9A1E7A4F7556}") = "Chapter04", "Chapter04\Chapter04.csproj", "{6BC1DEF8-BFD7-4497-9A80-6F3177E7F645}"
EndProject
Project("{9A19103F-16F7-4668-BE54-9A1E7A4F7556}") = "Chapter05", "Chapter05\Chapter05.csproj", "{3A5E0C25-4010-4975-9EB8-19F52C292823}"
EndProject
Project("{9A19103F-16F7-4668-BE54-9A1E7A4F7556}") = "Chapter06", "Chapter06\Chapter06.csproj", "{386F2E81-169B-4109-B429-B8FD09A65326}"
EndProject
Project("{9A19103F-16F7-4668-BE54-9A1E7A4F7556}") = "Chapter07", "Chapter07\Chapter07.csproj", "{CC6D7537-A2C1-487B-BA7B-266FCE8FE520}"
EndProject
Project("{9A19103F-16F7-4668-BE54-9A1E7A4F7556}") = "Chapter08", "Chapter08\Chapter08.csproj", "{BD0C65B8-0FE4-44F6-84D5-DEC64484963B}"
EndProject
Project("{FAE04EC0-301F-11D3-BF4B-00C04F79EFBC}") = "Chapter09", "Chapter09\Chapter09.csproj", "{13209AA7-0D56-448F-B33E-BE4DB623B3F4}"
EndProject
Global
	GlobalSection(SolutionConfigurationPlatforms) = preSolution
		Debug|Any CPU = Debug|Any CPU
		Release|Any CPU = Release|Any CPU
	EndGlobalSection
	GlobalSection(ProjectConfigurationPlatforms) = postSolution
		{5966BF53-83B8-4514-B86E-9E45FC828260}.Debug|Any CPU.ActiveCfg = Debug|Any CPU
		{5966BF53-83B8-4514-B86E-9E45FC828260}.Debug|Any CPU.Build.0 = Debug|Any CPU
		{5966BF53-83B8-4514-B86E-9E45FC828260}.Release|Any CPU.ActiveCfg = Release|Any CPU
		{5966BF53-83B8-4514-B86E-9E45FC828260}.Release|Any CPU.Build.0 = Release|Any CPU
		{6D6664D7-3B9D-4542-B86E-96571339A374}.Debug|Any CPU.ActiveCfg = Debug|Any CPU
		{6D6664D7-3B9D-4542-B86E-96571339A374}.Debug|Any CPU.Build.0 = Debug|Any CPU
		{6D6664D7-3B9D-4542-B86E-96571339A374}.Release|Any CPU.ActiveCfg = Release|Any CPU
		{6D6664D7-3B9D-4542-B86E-96571339A374}.Release|Any CPU.Build.0 = Release|Any CPU
		{D4BB482D-530B-44AF-9BB0-59C33CCFFFE7}.Debug|Any CPU.ActiveCfg = Debug|Any CPU
		{D4BB482D-530B-44AF-9BB0-59C33CCFFFE7}.Debug|Any CPU.Build.0 = Debug|Any CPU
		{D4BB482D-530B-44AF-9BB0-59C33CCFFFE7}.Release|Any CPU.ActiveCfg = Release|Any CPU
		{D4BB482D-530B-44AF-9BB0-59C33CCFFFE7}.Release|Any CPU.Build.0 = Release|Any CPU
		{AC6773EA-FB19-41C7-B996-1A5F17DFBAE4}.Debug|Any CPU.ActiveCfg = Debug|Any CPU
		{AC6773EA-FB19-41C7-B996-1A5F17DFBAE4}.Debug|Any CPU.Build.0 = Debug|Any CPU
		{AC6773EA-FB19-41C7-B996-1A5F17DFBAE4}.Release|Any CPU.ActiveCfg = Release|Any CPU
		{AC6773EA-FB19-41C7-B996-1A5F17DFBAE4}.Release|Any CPU.Build.0 = Release|Any CPU
		{EEF3E6B3-1B43-4B33-B1F4-F5F0897A538D}.Debug|Any CPU.ActiveCfg = Debug|Any CPU
		{EEF3E6B3-1B43-4B33-B1F4-F5F0897A538D}.Debug|Any CPU.Build.0 = Debug|Any CPU
		{EEF3E6B3-1B43-4B33-B1F4-F5F0897A538D}.Release|Any CPU.ActiveCfg = Release|Any CPU
		{EEF3E6B3-1B43-4B33-B1F4-F5F0897A538D}.Release|Any CPU.Build.0 = Release|Any CPU
		{BE334AAF-DB00-438D-82FE-32EFDF8E8590}.Debug|Any CPU.ActiveCfg = Debug|Any CPU
		{BE334AAF-DB00-438D-82FE-32EFDF8E8590}.Debug|Any CPU.Build.0 = Debug|Any CPU
		{BE334AAF-DB00-438D-82FE-32EFDF8E8590}.Release|Any CPU.ActiveCfg = Release|Any CPU
		{BE334AAF-DB00-438D-82FE-32EFDF8E8590}.Release|Any CPU.Build.0 = Release|Any CPU
		{6BC1DEF8-BFD7-4497-9A80-6F3177E7F645}.Debug|Any CPU.ActiveCfg = Debug|Any CPU
		{6BC1DEF8-BFD7-4497-9A80-6F3177E7F645}.Debug|Any CPU.Build.0 = Debug|Any CPU
		{6BC1DEF8-BFD7-4497-9A80-6F3177E7F645}.Release|Any CPU.ActiveCfg = Release|Any CPU
		{6BC1DEF8-BFD7-4497-9A80-6F3177E7F645}.Release|Any CPU.Build.0 = Release|Any CPU
		{3A5E0C25-4010-4975-9EB8-19F52C292823}.Debug|Any CPU.ActiveCfg = Debug|Any CPU
		{3A5E0C25-4010-4975-9EB8-19F52C292823}.Debug|Any CPU.Build.0 = Debug|Any CPU
		{3A5E0C25-4010-4975-9EB8-19F52C292823}.Release|Any CPU.ActiveCfg = Release|Any CPU
		{3A5E0C25-4010-4975-9EB8-19F52C292823}.Release|Any CPU.Build.0 = Release|Any CPU
		{386F2E81-169B-4109-B429-B8FD09A65326}.Debug|Any CPU.ActiveCfg = Debug|Any CPU
		{386F2E81-169B-4109-B429-B8FD09A65326}.Debug|Any CPU.Build.0 = Debug|Any CPU
		{386F2E81-169B-4109-B429-B8FD09A65326}.Release|Any CPU.ActiveCfg = Release|Any CPU
		{386F2E81-169B-4109-B429-B8FD09A65326}.Release|Any CPU.Build.0 = Release|Any CPU
		{CC6D7537-A2C1-487B-BA7B-266FCE8FE520}.Debug|Any CPU.ActiveCfg = Debug|Any CPU
		{CC6D7537-A2C1-487B-BA7B-266FCE8FE520}.Debug|Any CPU.Build.0 = Debug|Any CPU
		{CC6D7537-A2C1-487B-BA7B-266FCE8FE520}.Release|Any CPU.ActiveCfg = Release|Any CPU
		{CC6D7537-A2C1-487B-BA7B-266FCE8FE520}.Release|Any CPU.Build.0 = Release|Any CPU
		{BD0C65B8-0FE4-44F6-84D5-DEC64484963B}.Debug|Any CPU.ActiveCfg = Debug|Any CPU
		{BD0C65B8-0FE4-44F6-84D5-DEC64484963B}.Debug|Any CPU.Build.0 = Debug|Any CPU
		{BD0C65B8-0FE4-44F6-84D5-DEC64484963B}.Release|Any CPU.ActiveCfg = Release|Any CPU
		{BD0C65B8-0FE4-44F6-84D5-DEC64484963B}.Release|Any CPU.Build.0 = Release|Any CPU
		{13209AA7-0D56-448F-B33E-BE4DB623B3F4}.Debug|Any CPU.ActiveCfg = Debug|Any CPU
		{13209AA7-0D56-448F-B33E-BE4DB623B3F4}.Debug|Any CPU.Build.0 = Debug|Any CPU
		{13209AA7-0D56-448F-B33E-BE4DB623B3F4}.Release|Any CPU.ActiveCfg = Release|Any CPU
		{13209AA7-0D56-448F-B33E-BE4DB623B3F4}.Release|Any CPU.Build.0 = Release|Any CPU
	EndGlobalSection
	GlobalSection(SolutionProperties) = preSolution
		HideSolutionNode = FALSE
	EndGlobalSection
	GlobalSection(ExtensibilityGlobals) = postSolution
		SolutionGuid = {8453BC47-31B2-486D-965F-A479E559E766}
	EndGlobalSection
EndGlobal
